
Microsoft Visual Studio Solution File, Format Version 12.00
# Visual Studio Version 17
VisualStudioVersion = 17.11.35312.102
MinimumVisualStudioVersion = 10.0.40219.1
Project("{FAE04EC0-301F-11D3-BF4B-00C04F79EFBC}") = "Carpathian_star", "Carpathian_star.csproj", "{850A0212-406A-4D2E-8646-E2DED8012FF5}"
EndProject
Global
	GlobalSection(SolutionConfigurationPlatforms) = preSolution
		Debug|Any CPU = Debug|Any CPU
		Release|Any CPU = Release|Any CPU
	EndGlobalSection
	GlobalSection(ProjectConfigurationPlatforms) = postSolution
		{850A0212-406A-4D2E-8646-E2DED8012FF5}.Debug|Any CPU.ActiveCfg = Debug|Any CPU
		{850A0212-406A-4D2E-8646-E2DED8012FF5}.Debug|Any CPU.Build.0 = Debug|Any CPU
		{850A0212-406A-4D2E-8646-E2DED8012FF5}.Release|Any CPU.ActiveCfg = Release|Any CPU
		{850A0212-406A-4D2E-8646-E2DED8012FF5}.Release|Any CPU.Build.0 = Release|Any CPU
	EndGlobalSection
	GlobalSection(SolutionProperties) = preSolution
		HideSolutionNode = FALSE
	EndGlobalSection
	GlobalSection(ExtensibilityGlobals) = postSolution
		SolutionGuid = {BAC9C011-B50C-4949-BB83-625C8511CC85}
	EndGlobalSection
EndGlobal
