
Microsoft Visual Studio Solution File, Format Version 12.00
# Visual Studio Version 17
VisualStudioVersion = 17.11.35312.102
MinimumVisualStudioVersion = 10.0.40219.1
Project("{FAE04EC0-301F-11D3-BF4B-00C04F79EFBC}") = "Carpathian_star", "Carpathian_star.csproj", "{97AC94A0-003E-4985-AE5E-10127AA5427B}"
EndProject
Global
	GlobalSection(SolutionConfigurationPlatforms) = preSolution
		Debug|Any CPU = Debug|Any CPU
		Release|Any CPU = Release|Any CPU
	EndGlobalSection
	GlobalSection(ProjectConfigurationPlatforms) = postSolution
		{97AC94A0-003E-4985-AE5E-10127AA5427B}.Debug|Any CPU.ActiveCfg = Debug|Any CPU
		{97AC94A0-003E-4985-AE5E-10127AA5427B}.Debug|Any CPU.Build.0 = Debug|Any CPU
		{97AC94A0-003E-4985-AE5E-10127AA5427B}.Release|Any CPU.ActiveCfg = Release|Any CPU
		{97AC94A0-003E-4985-AE5E-10127AA5427B}.Release|Any CPU.Build.0 = Release|Any CPU
	EndGlobalSection
	GlobalSection(SolutionProperties) = preSolution
		HideSolutionNode = FALSE
	EndGlobalSection
	GlobalSection(ExtensibilityGlobals) = postSolution
		SolutionGuid = {C345A240-8D33-41BC-96CB-AFECF2AC1307}
	EndGlobalSection
EndGlobal
